
Microsoft Visual Studio Solution File, Format Version 12.00
# Visual Studio Version 17
VisualStudioVersion = 17.4.33213.308
MinimumVisualStudioVersion = 10.0.40219.1
Project("{9A19103F-16F7-4668-BE54-9A1E7A4F7556}") = "Order-Communicator", "Command Transmission\Order-Communicator.csproj", "{1896E0DC-B214-43C5-ABAF-C79ABB93DA61}"
EndProject
Global
	GlobalSection(SolutionConfigurationPlatforms) = preSolution
		Debug|Any CPU = Debug|Any CPU
		Release|Any CPU = Release|Any CPU
	EndGlobalSection
	GlobalSection(ProjectConfigurationPlatforms) = postSolution
		{1896E0DC-B214-43C5-ABAF-C79ABB93DA61}.Debug|Any CPU.ActiveCfg = Debug|Any CPU
		{1896E0DC-B214-43C5-ABAF-C79ABB93DA61}.Debug|Any CPU.Build.0 = Debug|Any CPU
		{1896E0DC-B214-43C5-ABAF-C79ABB93DA61}.Release|Any CPU.ActiveCfg = Release|Any CPU
		{1896E0DC-B214-43C5-ABAF-C79ABB93DA61}.Release|Any CPU.Build.0 = Release|Any CPU
	EndGlobalSection
	GlobalSection(SolutionProperties) = preSolution
		HideSolutionNode = FALSE
	EndGlobalSection
	GlobalSection(ExtensibilityGlobals) = postSolution
		SolutionGuid = {5DA226E0-24BA-443C-A672-0E052BA672C1}
	EndGlobalSection
EndGlobal
